# THIS IS AN AUTOGENERATED FILE. DO NOT EDIT THIS FILE DIRECTLY.
# yarn lockfile v1


json-api-normalizer@^0.4.0:
  version "0.4.0"
  resolved "https://registry.yarnpkg.com/json-api-normalizer/-/json-api-normalizer-0.4.0.tgz#11f62099ba757bbd25da52730db27658e5d503ee"
  dependencies:
    lodash "^4.17.2"

lodash@^4.17.2:
  version "4.17.4"
  resolved "https://registry.yarnpkg.com/lodash/-/lodash-4.17.4.tgz#78203a4d1c328ae1d86dca6460e369b57f4055ae"

redux-object@^0.4.4:
  version "0.4.4"
  resolved "https://registry.yarnpkg.com/redux-object/-/redux-object-0.4.4.tgz#caef97a5f793636fcdf4a7d7f9edb6394d5734f7"
